{
  "name": "h5-parcel-demo",
  "version": "1.0.3",
  "lockfileVersion": 1,
  "requires": true,
  "dependencies": {
    "cyy-component-act": {
      "version": "1.0.3",
      "resolved": "https://registry.npmjs.org/cyy-component-act/-/cyy-component-act-1.0.3.tgz",
      "integrity": "sha512-Xewbbm2TE2ftKBIbH1BXPbVfiAKLc+U3snjCtSB1WsDeVkiLoD/PuPgrLj4HjdN0IVV+XXVaL53VN3FKx36d6Q=="
    }
  }
}
